
Microsoft Visual Studio Solution File, Format Version 12.00
# Visual Studio Version 17
VisualStudioVersion = 17.5.33516.290
MinimumVisualStudioVersion = 10.0.40219.1
Project("{9A19103F-16F7-4668-BE54-9A1E7A4F7556}") = "MockOff.NSubstitute", "MockOff.NSubstitute\MockOff.NSubstitute.csproj", "{1E438BF3-FA02-4288-8E2C-F2A2ADC3A770}"
EndProject
Project("{9A19103F-16F7-4668-BE54-9A1E7A4F7556}") = "MockOff.NSubstitute.UnitTests", "MockOff.NSubstitute.UnitTests\MockOff.NSubstitute.UnitTests.csproj", "{555A1ED6-D559-43F8-8977-EA59D60D3685}"
	ProjectSection(ProjectDependencies) = postProject
		{1E438BF3-FA02-4288-8E2C-F2A2ADC3A770} = {1E438BF3-FA02-4288-8E2C-F2A2ADC3A770}
	EndProjectSection
EndProject
Global
	GlobalSection(SolutionConfigurationPlatforms) = preSolution
		Debug|Any CPU = Debug|Any CPU
		Release|Any CPU = Release|Any CPU
	EndGlobalSection
	GlobalSection(ProjectConfigurationPlatforms) = postSolution
		{1E438BF3-FA02-4288-8E2C-F2A2ADC3A770}.Debug|Any CPU.ActiveCfg = Debug|Any CPU
		{1E438BF3-FA02-4288-8E2C-F2A2ADC3A770}.Debug|Any CPU.Build.0 = Debug|Any CPU
		{1E438BF3-FA02-4288-8E2C-F2A2ADC3A770}.Release|Any CPU.ActiveCfg = Release|Any CPU
		{1E438BF3-FA02-4288-8E2C-F2A2ADC3A770}.Release|Any CPU.Build.0 = Release|Any CPU
		{555A1ED6-D559-43F8-8977-EA59D60D3685}.Debug|Any CPU.ActiveCfg = Debug|Any CPU
		{555A1ED6-D559-43F8-8977-EA59D60D3685}.Debug|Any CPU.Build.0 = Debug|Any CPU
		{555A1ED6-D559-43F8-8977-EA59D60D3685}.Release|Any CPU.ActiveCfg = Release|Any CPU
		{555A1ED6-D559-43F8-8977-EA59D60D3685}.Release|Any CPU.Build.0 = Release|Any CPU
	EndGlobalSection
	GlobalSection(SolutionProperties) = preSolution
		HideSolutionNode = FALSE
	EndGlobalSection
	GlobalSection(ExtensibilityGlobals) = postSolution
		SolutionGuid = {D3D2098B-6799-480C-970A-0C2AF31DBEF5}
	EndGlobalSection
EndGlobal
